// !$*UTF8*$!
{
	archiveVersion = 1;
	classes = {
	};
	objectVersion = 56;
	objects = {

/* Begin PBXBuildFile section */
		842EF1AB2CE0563400F84EDE /* firstProyectinXcodeApp.swift in Sources */ = {isa = PBXBuildFile; fileRef = 842EF1AA2CE0563400F84EDE /* firstProyectinXcodeApp.swift */; };
		842EF1AD2CE0563400F84EDE /* ContentView.swift in Sources */ = {isa = PBXBuildFile; fileRef = 842EF1AC2CE0563400F84EDE /* ContentView.swift */; };
		842EF1AF2CE0563C00F84EDE /* Assets.xcassets in Resources */ = {isa = PBXBuildFile; fileRef = 842EF1AE2CE0563C00F84EDE /* Assets.xcassets */; };
		842EF1B22CE0563C00F84EDE /* Preview Assets.xcassets in Resources */ = {isa = PBXBuildFile; fileRef = 842EF1B12CE0563C00F84EDE /* Preview Assets.xcassets */; };
		842EF1BC2CE0563D00F84EDE /* firstProyectinXcodeTests.swift in Sources */ = {isa = PBXBuildFile; fileRef = 842EF1BB2CE0563D00F84EDE /* firstProyectinXcodeTests.swift */; };
		842EF1C62CE0563D00F84EDE /* firstProyectinXcodeUITests.swift in Sources */ = {isa = PBXBuildFile; fileRef = 842EF1C52CE0563D00F84EDE /* firstProyectinXcodeUITests.swift */; };
		842EF1C82CE0563D00F84EDE /* firstProyectinXcodeUITestsLaunchTests.swift in Sources */ = {isa = PBXBuildFile; fileRef = 842EF1C72CE0563D00F84EDE /* firstProyectinXcodeUITestsLaunchTests.swift */; };
		842F27FD2CE4263A001F49B3 /* DaysCalendarBar.swift in Sources */ = {isa = PBXBuildFile; fileRef = 842F27FC2CE4263A001F49B3 /* DaysCalendarBar.swift */; };
		843E82C02CE2C04900E6BF53 /* GroupDetailsView.swift in Sources */ = {isa = PBXBuildFile; fileRef = 843E82BF2CE2C04900E6BF53 /* GroupDetailsView.swift */; };
		843E82C22CE2C12200E6BF53 /* OpcionesGrupoView.swift in Sources */ = {isa = PBXBuildFile; fileRef = 843E82C12CE2C12200E6BF53 /* OpcionesGrupoView.swift */; };
		846DF4162CE2D02E001C927E /* CrearGrupoPrivadoView.swift in Sources */ = {isa = PBXBuildFile; fileRef = 846DF4152CE2D02E001C927E /* CrearGrupoPrivadoView.swift */; };
		846DF4182CE2D044001C927E /* UnirseAGrupoPrivadoView.swift in Sources */ = {isa = PBXBuildFile; fileRef = 846DF4172CE2D044001C927E /* UnirseAGrupoPrivadoView.swift */; };
		846DF41D2CE2D82F001C927E /* UserContext.swift in Sources */ = {isa = PBXBuildFile; fileRef = 846DF41C2CE2D82F001C927E /* UserContext.swift */; };
		84E3E4E92CE14D1D0029CBFD /* UserBar.swift in Sources */ = {isa = PBXBuildFile; fileRef = 84E3E4E82CE14D1D0029CBFD /* UserBar.swift */; };
		84E3E4EB2CE14D430029CBFD /* ProgressDaysBar.swift in Sources */ = {isa = PBXBuildFile; fileRef = 84E3E4EA2CE14D430029CBFD /* ProgressDaysBar.swift */; };
		84E3E4ED2CE14EAB0029CBFD /* GroupView.swift in Sources */ = {isa = PBXBuildFile; fileRef = 84E3E4EC2CE14EAB0029CBFD /* GroupView.swift */; };
		84E3E4EF2CE14EDA0029CBFD /* ImagePickerView.swift in Sources */ = {isa = PBXBuildFile; fileRef = 84E3E4EE2CE14EDA0029CBFD /* ImagePickerView.swift */; };
		84E3E5032CE171B50029CBFD /* GroupsPage.swift in Sources */ = {isa = PBXBuildFile; fileRef = 84E3E5022CE171B50029CBFD /* GroupsPage.swift */; };
		84E4572D2CE06BDA0080E7CF /* FirebaseAnalytics in Frameworks */ = {isa = PBXBuildFile; productRef = 84E4572C2CE06BDA0080E7CF /* FirebaseAnalytics */; };
		84E4572F2CE06BDA0080E7CF /* FirebaseAnalyticsOnDeviceConversion in Frameworks */ = {isa = PBXBuildFile; productRef = 84E4572E2CE06BDA0080E7CF /* FirebaseAnalyticsOnDeviceConversion */; };
		84E457312CE06BDA0080E7CF /* FirebaseAnalyticsSwift in Frameworks */ = {isa = PBXBuildFile; productRef = 84E457302CE06BDA0080E7CF /* FirebaseAnalyticsSwift */; };
		84E457332CE06BDA0080E7CF /* FirebaseAnalyticsWithoutAdIdSupport in Frameworks */ = {isa = PBXBuildFile; productRef = 84E457322CE06BDA0080E7CF /* FirebaseAnalyticsWithoutAdIdSupport */; };
		84E457352CE06BDA0080E7CF /* FirebaseAppCheck in Frameworks */ = {isa = PBXBuildFile; productRef = 84E457342CE06BDA0080E7CF /* FirebaseAppCheck */; };
		84E457372CE06BDA0080E7CF /* FirebaseAppDistribution-Beta in Frameworks */ = {isa = PBXBuildFile; productRef = 84E457362CE06BDA0080E7CF /* FirebaseAppDistribution-Beta */; };
		84E457392CE06BDA0080E7CF /* FirebaseAuth in Frameworks */ = {isa = PBXBuildFile; productRef = 84E457382CE06BDA0080E7CF /* FirebaseAuth */; };
		84E4573B2CE06BDA0080E7CF /* FirebaseAuthCombine-Community in Frameworks */ = {isa = PBXBuildFile; productRef = 84E4573A2CE06BDA0080E7CF /* FirebaseAuthCombine-Community */; };
		84E4573D2CE06BDA0080E7CF /* FirebaseCrashlytics in Frameworks */ = {isa = PBXBuildFile; productRef = 84E4573C2CE06BDA0080E7CF /* FirebaseCrashlytics */; };
		84E4573F2CE06BDA0080E7CF /* FirebaseDatabase in Frameworks */ = {isa = PBXBuildFile; productRef = 84E4573E2CE06BDA0080E7CF /* FirebaseDatabase */; };
		84E457412CE06BDB0080E7CF /* FirebaseDatabaseSwift in Frameworks */ = {isa = PBXBuildFile; productRef = 84E457402CE06BDB0080E7CF /* FirebaseDatabaseSwift */; };
		84E457432CE06BDB0080E7CF /* FirebaseDynamicLinks in Frameworks */ = {isa = PBXBuildFile; productRef = 84E457422CE06BDB0080E7CF /* FirebaseDynamicLinks */; };
		84E457452CE06BDB0080E7CF /* FirebaseFirestore in Frameworks */ = {isa = PBXBuildFile; productRef = 84E457442CE06BDB0080E7CF /* FirebaseFirestore */; };
		84E457472CE06BDB0080E7CF /* FirebaseFirestoreCombine-Community in Frameworks */ = {isa = PBXBuildFile; productRef = 84E457462CE06BDB0080E7CF /* FirebaseFirestoreCombine-Community */; };
		84E457492CE06BDB0080E7CF /* FirebaseFirestoreSwift in Frameworks */ = {isa = PBXBuildFile; productRef = 84E457482CE06BDB0080E7CF /* FirebaseFirestoreSwift */; };
		84E4574B2CE06BDB0080E7CF /* FirebaseFunctions in Frameworks */ = {isa = PBXBuildFile; productRef = 84E4574A2CE06BDB0080E7CF /* FirebaseFunctions */; };
		84E4574D2CE06BDB0080E7CF /* FirebaseFunctionsCombine-Community in Frameworks */ = {isa = PBXBuildFile; productRef = 84E4574C2CE06BDB0080E7CF /* FirebaseFunctionsCombine-Community */; };
		84E4574F2CE06BDB0080E7CF /* FirebaseInAppMessaging-Beta in Frameworks */ = {isa = PBXBuildFile; productRef = 84E4574E2CE06BDB0080E7CF /* FirebaseInAppMessaging-Beta */; };
		84E457512CE06BDB0080E7CF /* FirebaseInAppMessagingSwift-Beta in Frameworks */ = {isa = PBXBuildFile; productRef = 84E457502CE06BDB0080E7CF /* FirebaseInAppMessagingSwift-Beta */; };
		84E457532CE06BDB0080E7CF /* FirebaseInstallations in Frameworks */ = {isa = PBXBuildFile; productRef = 84E457522CE06BDB0080E7CF /* FirebaseInstallations */; };
		84E457552CE06BDB0080E7CF /* FirebaseMLModelDownloader in Frameworks */ = {isa = PBXBuildFile; productRef = 84E457542CE06BDB0080E7CF /* FirebaseMLModelDownloader */; };
		84E457572CE06BDB0080E7CF /* FirebaseMessaging in Frameworks */ = {isa = PBXBuildFile; productRef = 84E457562CE06BDB0080E7CF /* FirebaseMessaging */; };
		84E457592CE06BDB0080E7CF /* FirebasePerformance in Frameworks */ = {isa = PBXBuildFile; productRef = 84E457582CE06BDB0080E7CF /* FirebasePerformance */; };
		84E4575B2CE06BDB0080E7CF /* FirebaseRemoteConfig in Frameworks */ = {isa = PBXBuildFile; productRef = 84E4575A2CE06BDB0080E7CF /* FirebaseRemoteConfig */; };
		84E4575D2CE06BDB0080E7CF /* FirebaseRemoteConfigSwift in Frameworks */ = {isa = PBXBuildFile; productRef = 84E4575C2CE06BDB0080E7CF /* FirebaseRemoteConfigSwift */; };
		84E4575F2CE06BDB0080E7CF /* FirebaseStorage in Frameworks */ = {isa = PBXBuildFile; productRef = 84E4575E2CE06BDB0080E7CF /* FirebaseStorage */; };
		84E457612CE06BDB0080E7CF /* FirebaseStorageCombine-Community in Frameworks */ = {isa = PBXBuildFile; productRef = 84E457602CE06BDB0080E7CF /* FirebaseStorageCombine-Community */; };
		84E457632CE06D1D0080E7CF /* GoogleService-Info.plist in Resources */ = {isa = PBXBuildFile; fileRef = 84E457622CE06D1B0080E7CF /* GoogleService-Info.plist */; };
		84E4576A2CE070A10080E7CF /* AuthState.swift in Sources */ = {isa = PBXBuildFile; fileRef = 84E457692CE070A10080E7CF /* AuthState.swift */; };
		84E4576C2CE070EF0080E7CF /* MainTabView.swift in Sources */ = {isa = PBXBuildFile; fileRef = 84E4576B2CE070EF0080E7CF /* MainTabView.swift */; };
		84E4576E2CE0711B0080E7CF /* AuthStackView.swift in Sources */ = {isa = PBXBuildFile; fileRef = 84E4576D2CE0711B0080E7CF /* AuthStackView.swift */; };
		84E457702CE0713A0080E7CF /* HomePage.swift in Sources */ = {isa = PBXBuildFile; fileRef = 84E4576F2CE0713A0080E7CF /* HomePage.swift */; };
		84E457722CE071620080E7CF /* FeedPage.swift in Sources */ = {isa = PBXBuildFile; fileRef = 84E457712CE071620080E7CF /* FeedPage.swift */; };
		84E457742CE0719B0080E7CF /* EstadisticsPage.swift in Sources */ = {isa = PBXBuildFile; fileRef = 84E457732CE0719B0080E7CF /* EstadisticsPage.swift */; };
		84E457762CE071D50080E7CF /* ProfilePage.swift in Sources */ = {isa = PBXBuildFile; fileRef = 84E457752CE071D50080E7CF /* ProfilePage.swift */; };
		84E457782CE072170080E7CF /* ProfilePhotoPage.swift in Sources */ = {isa = PBXBuildFile; fileRef = 84E457772CE072170080E7CF /* ProfilePhotoPage.swift */; };
		84E4577C2CE072710080E7CF /* CustomTextField.swift in Sources */ = {isa = PBXBuildFile; fileRef = 84E4577B2CE072710080E7CF /* CustomTextField.swift */; };
		84E4577E2CE072A30080E7CF /* CustomButton.swift in Sources */ = {isa = PBXBuildFile; fileRef = 84E4577D2CE072A30080E7CF /* CustomButton.swift */; };
		84E457802CE074DC0080E7CF /* LoginPage.swift in Sources */ = {isa = PBXBuildFile; fileRef = 84E4577F2CE074DC0080E7CF /* LoginPage.swift */; };
		84E457822CE075810080E7CF /* RegisterPage.swift in Sources */ = {isa = PBXBuildFile; fileRef = 84E457812CE075810080E7CF /* RegisterPage.swift */; };
/* End PBXBuildFile section */

/* Begin PBXContainerItemProxy section */
		842EF1B82CE0563D00F84EDE /* PBXContainerItemProxy */ = {
			isa = PBXContainerItemProxy;
			containerPortal = 842EF19F2CE0563400F84EDE /* Project object */;
			proxyType = 1;
			remoteGlobalIDString = 842EF1A62CE0563400F84EDE;
			remoteInfo = firstProyectinXcode;
		};
		842EF1C22CE0563D00F84EDE /* PBXContainerItemProxy */ = {
			isa = PBXContainerItemProxy;
			containerPortal = 842EF19F2CE0563400F84EDE /* Project object */;
			proxyType = 1;
			remoteGlobalIDString = 842EF1A62CE0563400F84EDE;
			remoteInfo = firstProyectinXcode;
		};
/* End PBXContainerItemProxy section */

/* Begin PBXFileReference section */
		842EF1A72CE0563400F84EDE /* firstProyectinXcode.app */ = {isa = PBXFileReference; explicitFileType = wrapper.application; includeInIndex = 0; path = firstProyectinXcode.app; sourceTree = BUILT_PRODUCTS_DIR; };
		842EF1AA2CE0563400F84EDE /* firstProyectinXcodeApp.swift */ = {isa = PBXFileReference; lastKnownFileType = sourcecode.swift; path = firstProyectinXcodeApp.swift; sourceTree = "<group>"; };
		842EF1AC2CE0563400F84EDE /* ContentView.swift */ = {isa = PBXFileReference; lastKnownFileType = sourcecode.swift; path = ContentView.swift; sourceTree = "<group>"; };
		842EF1AE2CE0563C00F84EDE /* Assets.xcassets */ = {isa = PBXFileReference; lastKnownFileType = folder.assetcatalog; path = Assets.xcassets; sourceTree = "<group>"; };
		842EF1B12CE0563C00F84EDE /* Preview Assets.xcassets */ = {isa = PBXFileReference; lastKnownFileType = folder.assetcatalog; path = "Preview Assets.xcassets"; sourceTree = "<group>"; };
		842EF1B72CE0563D00F84EDE /* firstProyectinXcodeTests.xctest */ = {isa = PBXFileReference; explicitFileType = wrapper.cfbundle; includeInIndex = 0; path = firstProyectinXcodeTests.xctest; sourceTree = BUILT_PRODUCTS_DIR; };
		842EF1BB2CE0563D00F84EDE /* firstProyectinXcodeTests.swift */ = {isa = PBXFileReference; lastKnownFileType = sourcecode.swift; path = firstProyectinXcodeTests.swift; sourceTree = "<group>"; };
		842EF1C12CE0563D00F84EDE /* firstProyectinXcodeUITests.xctest */ = {isa = PBXFileReference; explicitFileType = wrapper.cfbundle; includeInIndex = 0; path = firstProyectinXcodeUITests.xctest; sourceTree = BUILT_PRODUCTS_DIR; };
		842EF1C52CE0563D00F84EDE /* firstProyectinXcodeUITests.swift */ = {isa = PBXFileReference; lastKnownFileType = sourcecode.swift; path = firstProyectinXcodeUITests.swift; sourceTree = "<group>"; };
		842EF1C72CE0563D00F84EDE /* firstProyectinXcodeUITestsLaunchTests.swift */ = {isa = PBXFileReference; lastKnownFileType = sourcecode.swift; path = firstProyectinXcodeUITestsLaunchTests.swift; sourceTree = "<group>"; };
		842F27FC2CE4263A001F49B3 /* DaysCalendarBar.swift */ = {isa = PBXFileReference; lastKnownFileType = sourcecode.swift; name = DaysCalendarBar.swift; path = firstProyectinXcode/Context/DaysCalendarBar.swift; sourceTree = SOURCE_ROOT; };
		843E82BF2CE2C04900E6BF53 /* GroupDetailsView.swift */ = {isa = PBXFileReference; lastKnownFileType = sourcecode.swift; path = GroupDetailsView.swift; sourceTree = "<group>"; };
		843E82C12CE2C12200E6BF53 /* OpcionesGrupoView.swift */ = {isa = PBXFileReference; lastKnownFileType = sourcecode.swift; path = OpcionesGrupoView.swift; sourceTree = "<group>"; };
		846DF4152CE2D02E001C927E /* CrearGrupoPrivadoView.swift */ = {isa = PBXFileReference; lastKnownFileType = sourcecode.swift; path = CrearGrupoPrivadoView.swift; sourceTree = "<group>"; };
		846DF4172CE2D044001C927E /* UnirseAGrupoPrivadoView.swift */ = {isa = PBXFileReference; lastKnownFileType = sourcecode.swift; path = UnirseAGrupoPrivadoView.swift; sourceTree = "<group>"; };
		846DF41C2CE2D82F001C927E /* UserContext.swift */ = {isa = PBXFileReference; lastKnownFileType = sourcecode.swift; path = UserContext.swift; sourceTree = "<group>"; };
		84E3E4E82CE14D1D0029CBFD /* UserBar.swift */ = {isa = PBXFileReference; lastKnownFileType = sourcecode.swift; path = UserBar.swift; sourceTree = "<group>"; };
		84E3E4EA2CE14D430029CBFD /* ProgressDaysBar.swift */ = {isa = PBXFileReference; lastKnownFileType = sourcecode.swift; path = ProgressDaysBar.swift; sourceTree = "<group>"; };
		84E3E4EC2CE14EAB0029CBFD /* GroupView.swift */ = {isa = PBXFileReference; lastKnownFileType = sourcecode.swift; path = GroupView.swift; sourceTree = "<group>"; };
		84E3E4EE2CE14EDA0029CBFD /* ImagePickerView.swift */ = {isa = PBXFileReference; lastKnownFileType = sourcecode.swift; path = ImagePickerView.swift; sourceTree = "<group>"; };
		84E3E5022CE171B50029CBFD /* GroupsPage.swift */ = {isa = PBXFileReference; lastKnownFileType = sourcecode.swift; path = GroupsPage.swift; sourceTree = "<group>"; };
		84E457622CE06D1B0080E7CF /* GoogleService-Info.plist */ = {isa = PBXFileReference; fileEncoding = 4; lastKnownFileType = text.plist.xml; name = "GoogleService-Info.plist"; path = "../GoogleService-Info.plist"; sourceTree = "<group>"; };
		84E457642CE06D370080E7CF /* GoogleService-Info.plist */ = {isa = PBXFileReference; lastKnownFileType = text.plist.xml; path = "GoogleService-Info.plist"; sourceTree = "<group>"; };
		84E457692CE070A10080E7CF /* AuthState.swift */ = {isa = PBXFileReference; lastKnownFileType = sourcecode.swift; path = AuthState.swift; sourceTree = "<group>"; };
		84E4576B2CE070EF0080E7CF /* MainTabView.swift */ = {isa = PBXFileReference; lastKnownFileType = sourcecode.swift; path = MainTabView.swift; sourceTree = "<group>"; };
		84E4576D2CE0711B0080E7CF /* AuthStackView.swift */ = {isa = PBXFileReference; lastKnownFileType = sourcecode.swift; path = AuthStackView.swift; sourceTree = "<group>"; };
		84E4576F2CE0713A0080E7CF /* HomePage.swift */ = {isa = PBXFileReference; lastKnownFileType = sourcecode.swift; path = HomePage.swift; sourceTree = "<group>"; };
		84E457712CE071620080E7CF /* FeedPage.swift */ = {isa = PBXFileReference; lastKnownFileType = sourcecode.swift; path = FeedPage.swift; sourceTree = "<group>"; };
		84E457732CE0719B0080E7CF /* EstadisticsPage.swift */ = {isa = PBXFileReference; lastKnownFileType = sourcecode.swift; path = EstadisticsPage.swift; sourceTree = "<group>"; };
		84E457752CE071D50080E7CF /* ProfilePage.swift */ = {isa = PBXFileReference; lastKnownFileType = sourcecode.swift; path = ProfilePage.swift; sourceTree = "<group>"; };
		84E457772CE072170080E7CF /* ProfilePhotoPage.swift */ = {isa = PBXFileReference; lastKnownFileType = sourcecode.swift; path = ProfilePhotoPage.swift; sourceTree = "<group>"; };
		84E4577B2CE072710080E7CF /* CustomTextField.swift */ = {isa = PBXFileReference; lastKnownFileType = sourcecode.swift; path = CustomTextField.swift; sourceTree = "<group>"; };
		84E4577D2CE072A30080E7CF /* CustomButton.swift */ = {isa = PBXFileReference; lastKnownFileType = sourcecode.swift; path = CustomButton.swift; sourceTree = "<group>"; };
		84E4577F2CE074DC0080E7CF /* LoginPage.swift */ = {isa = PBXFileReference; lastKnownFileType = sourcecode.swift; path = LoginPage.swift; sourceTree = "<group>"; };
		84E457812CE075810080E7CF /* RegisterPage.swift */ = {isa = PBXFileReference; lastKnownFileType = sourcecode.swift; path = RegisterPage.swift; sourceTree = "<group>"; };
/* End PBXFileReference section */

/* Begin PBXFrameworksBuildPhase section */
		842EF1A42CE0563400F84EDE /* Frameworks */ = {
			isa = PBXFrameworksBuildPhase;
			buildActionMask = 2147483647;
			files = (
				84E4573F2CE06BDA0080E7CF /* FirebaseDatabase in Frameworks */,
				84E4574D2CE06BDB0080E7CF /* FirebaseFunctionsCombine-Community in Frameworks */,
				84E457452CE06BDB0080E7CF /* FirebaseFirestore in Frameworks */,
				84E457312CE06BDA0080E7CF /* FirebaseAnalyticsSwift in Frameworks */,
				84E4572D2CE06BDA0080E7CF /* FirebaseAnalytics in Frameworks */,
				84E4572F2CE06BDA0080E7CF /* FirebaseAnalyticsOnDeviceConversion in Frameworks */,
				84E457552CE06BDB0080E7CF /* FirebaseMLModelDownloader in Frameworks */,
				84E457492CE06BDB0080E7CF /* FirebaseFirestoreSwift in Frameworks */,
				84E457352CE06BDA0080E7CF /* FirebaseAppCheck in Frameworks */,
				84E457332CE06BDA0080E7CF /* FirebaseAnalyticsWithoutAdIdSupport in Frameworks */,
				84E457392CE06BDA0080E7CF /* FirebaseAuth in Frameworks */,
				84E4573D2CE06BDA0080E7CF /* FirebaseCrashlytics in Frameworks */,
				84E4575D2CE06BDB0080E7CF /* FirebaseRemoteConfigSwift in Frameworks */,
				84E4574F2CE06BDB0080E7CF /* FirebaseInAppMessaging-Beta in Frameworks */,
				84E457412CE06BDB0080E7CF /* FirebaseDatabaseSwift in Frameworks */,
				84E4574B2CE06BDB0080E7CF /* FirebaseFunctions in Frameworks */,
				84E457612CE06BDB0080E7CF /* FirebaseStorageCombine-Community in Frameworks */,
				84E4575B2CE06BDB0080E7CF /* FirebaseRemoteConfig in Frameworks */,
				84E457372CE06BDA0080E7CF /* FirebaseAppDistribution-Beta in Frameworks */,
				84E4573B2CE06BDA0080E7CF /* FirebaseAuthCombine-Community in Frameworks */,
				84E457592CE06BDB0080E7CF /* FirebasePerformance in Frameworks */,
				84E457512CE06BDB0080E7CF /* FirebaseInAppMessagingSwift-Beta in Frameworks */,
				84E4575F2CE06BDB0080E7CF /* FirebaseStorage in Frameworks */,
				84E457432CE06BDB0080E7CF /* FirebaseDynamicLinks in Frameworks */,
				84E457472CE06BDB0080E7CF /* FirebaseFirestoreCombine-Community in Frameworks */,
				84E457572CE06BDB0080E7CF /* FirebaseMessaging in Frameworks */,
				84E457532CE06BDB0080E7CF /* FirebaseInstallations in Frameworks */,
			);
			runOnlyForDeploymentPostprocessing = 0;
		};
		842EF1B42CE0563D00F84EDE /* Frameworks */ = {
			isa = PBXFrameworksBuildPhase;
			buildActionMask = 2147483647;
			files = (
			);
			runOnlyForDeploymentPostprocessing = 0;
		};
		842EF1BE2CE0563D00F84EDE /* Frameworks */ = {
			isa = PBXFrameworksBuildPhase;
			buildActionMask = 2147483647;
			files = (
			);
			runOnlyForDeploymentPostprocessing = 0;
		};
/* End PBXFrameworksBuildPhase section */

/* Begin PBXGroup section */
		842EF19E2CE0563400F84EDE = {
			isa = PBXGroup;
			children = (
				84E457622CE06D1B0080E7CF /* GoogleService-Info.plist */,
				842EF1A92CE0563400F84EDE /* firstProyectinXcode */,
				842EF1BA2CE0563D00F84EDE /* firstProyectinXcodeTests */,
				842EF1C42CE0563D00F84EDE /* firstProyectinXcodeUITests */,
				842EF1A82CE0563400F84EDE /* Products */,
			);
			sourceTree = "<group>";
		};
		842EF1A82CE0563400F84EDE /* Products */ = {
			isa = PBXGroup;
			children = (
				842EF1A72CE0563400F84EDE /* firstProyectinXcode.app */,
				842EF1B72CE0563D00F84EDE /* firstProyectinXcodeTests.xctest */,
				842EF1C12CE0563D00F84EDE /* firstProyectinXcodeUITests.xctest */,
			);
			name = Products;
			sourceTree = "<group>";
		};
		842EF1A92CE0563400F84EDE /* firstProyectinXcode */ = {
			isa = PBXGroup;
			children = (
				846DF41B2CE2D815001C927E /* Context */,
				84E457682CE06F7E0080E7CF /* Resources */,
				84E457672CE06F680080E7CF /* Components */,
				84E457662CE06F570080E7CF /* Models */,
				84E457652CE06F350080E7CF /* Views */,
				84E457642CE06D370080E7CF /* GoogleService-Info.plist */,
				842EF1AA2CE0563400F84EDE /* firstProyectinXcodeApp.swift */,
				842EF1AC2CE0563400F84EDE /* ContentView.swift */,
				842EF1AE2CE0563C00F84EDE /* Assets.xcassets */,
				842EF1B02CE0563C00F84EDE /* Preview Content */,
			);
			path = firstProyectinXcode;
			sourceTree = "<group>";
		};
		842EF1B02CE0563C00F84EDE /* Preview Content */ = {
			isa = PBXGroup;
			children = (
				842EF1B12CE0563C00F84EDE /* Preview Assets.xcassets */,
			);
			path = "Preview Content";
			sourceTree = "<group>";
		};
		842EF1BA2CE0563D00F84EDE /* firstProyectinXcodeTests */ = {
			isa = PBXGroup;
			children = (
				842EF1BB2CE0563D00F84EDE /* firstProyectinXcodeTests.swift */,
			);
			path = firstProyectinXcodeTests;
			sourceTree = "<group>";
		};
		842EF1C42CE0563D00F84EDE /* firstProyectinXcodeUITests */ = {
			isa = PBXGroup;
			children = (
				842EF1C52CE0563D00F84EDE /* firstProyectinXcodeUITests.swift */,
				842EF1C72CE0563D00F84EDE /* firstProyectinXcodeUITestsLaunchTests.swift */,
			);
			path = firstProyectinXcodeUITests;
			sourceTree = "<group>";
		};
		843E82BE2CE2C01300E6BF53 /* DetailsGroups */ = {
			isa = PBXGroup;
			children = (
				843E82BF2CE2C04900E6BF53 /* GroupDetailsView.swift */,
				843E82C12CE2C12200E6BF53 /* OpcionesGrupoView.swift */,
			);
			path = DetailsGroups;
			sourceTree = "<group>";
		};
		846DF41B2CE2D815001C927E /* Context */ = {
			isa = PBXGroup;
			children = (
				846DF41C2CE2D82F001C927E /* UserContext.swift */,
			);
			path = Context;
			sourceTree = "<group>";
		};
		84E3E4E12CE14CB70029CBFD /* Estadistics */ = {
			isa = PBXGroup;
			children = (
				842F27FC2CE4263A001F49B3 /* DaysCalendarBar.swift */,
			);
			path = Estadistics;
			sourceTree = "<group>";
		};
		84E3E4E22CE14CC30029CBFD /* GroupDetails */ = {
			isa = PBXGroup;
			children = (
			);
			path = GroupDetails;
			sourceTree = "<group>";
		};
		84E3E4E32CE14CCD0029CBFD /* GroupComponents */ = {
			isa = PBXGroup;
			children = (
				846DF4172CE2D044001C927E /* UnirseAGrupoPrivadoView.swift */,
				84E3E4EC2CE14EAB0029CBFD /* GroupView.swift */,
				846DF4152CE2D02E001C927E /* CrearGrupoPrivadoView.swift */,
			);
			path = GroupComponents;
			sourceTree = "<group>";
		};
		84E3E4E42CE14CD90029CBFD /* LoadingComponents */ = {
			isa = PBXGroup;
			children = (
			);
			path = LoadingComponents;
			sourceTree = "<group>";
		};
		84E3E4E52CE14CE40029CBFD /* activityRegister */ = {
			isa = PBXGroup;
			children = (
				84E3E4EA2CE14D430029CBFD /* ProgressDaysBar.swift */,
				84E3E4EE2CE14EDA0029CBFD /* ImagePickerView.swift */,
			);
			path = activityRegister;
			sourceTree = "<group>";
		};
		84E3E4E62CE14CF00029CBFD /* StackComponents */ = {
			isa = PBXGroup;
			children = (
			);
			path = StackComponents;
			sourceTree = "<group>";
		};
		84E3E4E72CE14CFA0029CBFD /* WeighBattle */ = {
			isa = PBXGroup;
			children = (
			);
			path = WeighBattle;
			sourceTree = "<group>";
		};
		84E457652CE06F350080E7CF /* Views */ = {
			isa = PBXGroup;
			children = (
				843E82BE2CE2C01300E6BF53 /* DetailsGroups */,
				84E4576B2CE070EF0080E7CF /* MainTabView.swift */,
				84E4576D2CE0711B0080E7CF /* AuthStackView.swift */,
				84E4576F2CE0713A0080E7CF /* HomePage.swift */,
				84E457712CE071620080E7CF /* FeedPage.swift */,
				84E457732CE0719B0080E7CF /* EstadisticsPage.swift */,
				84E457752CE071D50080E7CF /* ProfilePage.swift */,
				84E457772CE072170080E7CF /* ProfilePhotoPage.swift */,
				84E4577F2CE074DC0080E7CF /* LoginPage.swift */,
				84E457812CE075810080E7CF /* RegisterPage.swift */,
				84E3E5022CE171B50029CBFD /* GroupsPage.swift */,
			);
			path = Views;
			sourceTree = "<group>";
		};
		84E457662CE06F570080E7CF /* Models */ = {
			isa = PBXGroup;
			children = (
				84E457692CE070A10080E7CF /* AuthState.swift */,
			);
			path = Models;
			sourceTree = "<group>";
		};
		84E457672CE06F680080E7CF /* Components */ = {
			isa = PBXGroup;
			children = (
				84E3E4E72CE14CFA0029CBFD /* WeighBattle */,
				84E3E4E62CE14CF00029CBFD /* StackComponents */,
				84E3E4E52CE14CE40029CBFD /* activityRegister */,
				84E3E4E42CE14CD90029CBFD /* LoadingComponents */,
				84E3E4E32CE14CCD0029CBFD /* GroupComponents */,
				84E3E4E22CE14CC30029CBFD /* GroupDetails */,
				84E3E4E12CE14CB70029CBFD /* Estadistics */,
				84E4577B2CE072710080E7CF /* CustomTextField.swift */,
				84E4577D2CE072A30080E7CF /* CustomButton.swift */,
				84E3E4E82CE14D1D0029CBFD /* UserBar.swift */,
			);
			path = Components;
			sourceTree = "<group>";
		};
		84E457682CE06F7E0080E7CF /* Resources */ = {
			isa = PBXGroup;
			children = (
			);
			path = Resources;
			sourceTree = "<group>";
		};
/* End PBXGroup section */

/* Begin PBXNativeTarget section */
		842EF1A62CE0563400F84EDE /* firstProyectinXcode */ = {
			isa = PBXNativeTarget;
			buildConfigurationList = 842EF1CB2CE0563D00F84EDE /* Build configuration list for PBXNativeTarget "firstProyectinXcode" */;
			buildPhases = (
				842EF1A32CE0563400F84EDE /* Sources */,
				842EF1A42CE0563400F84EDE /* Frameworks */,
				842EF1A52CE0563400F84EDE /* Resources */,
			);
			buildRules = (
			);
			dependencies = (
			);
			name = firstProyectinXcode;
			packageProductDependencies = (
				84E4572C2CE06BDA0080E7CF /* FirebaseAnalytics */,
				84E4572E2CE06BDA0080E7CF /* FirebaseAnalyticsOnDeviceConversion */,
				84E457302CE06BDA0080E7CF /* FirebaseAnalyticsSwift */,
				84E457322CE06BDA0080E7CF /* FirebaseAnalyticsWithoutAdIdSupport */,
				84E457342CE06BDA0080E7CF /* FirebaseAppCheck */,
				84E457362CE06BDA0080E7CF /* FirebaseAppDistribution-Beta */,
				84E457382CE06BDA0080E7CF /* FirebaseAuth */,
				84E4573A2CE06BDA0080E7CF /* FirebaseAuthCombine-Community */,
				84E4573C2CE06BDA0080E7CF /* FirebaseCrashlytics */,
				84E4573E2CE06BDA0080E7CF /* FirebaseDatabase */,
				84E457402CE06BDB0080E7CF /* FirebaseDatabaseSwift */,
				84E457422CE06BDB0080E7CF /* FirebaseDynamicLinks */,
				84E457442CE06BDB0080E7CF /* FirebaseFirestore */,
				84E457462CE06BDB0080E7CF /* FirebaseFirestoreCombine-Community */,
				84E457482CE06BDB0080E7CF /* FirebaseFirestoreSwift */,
				84E4574A2CE06BDB0080E7CF /* FirebaseFunctions */,
				84E4574C2CE06BDB0080E7CF /* FirebaseFunctionsCombine-Community */,
				84E4574E2CE06BDB0080E7CF /* FirebaseInAppMessaging-Beta */,
				84E457502CE06BDB0080E7CF /* FirebaseInAppMessagingSwift-Beta */,
				84E457522CE06BDB0080E7CF /* FirebaseInstallations */,
				84E457542CE06BDB0080E7CF /* FirebaseMLModelDownloader */,
				84E457562CE06BDB0080E7CF /* FirebaseMessaging */,
				84E457582CE06BDB0080E7CF /* FirebasePerformance */,
				84E4575A2CE06BDB0080E7CF /* FirebaseRemoteConfig */,
				84E4575C2CE06BDB0080E7CF /* FirebaseRemoteConfigSwift */,
				84E4575E2CE06BDB0080E7CF /* FirebaseStorage */,
				84E457602CE06BDB0080E7CF /* FirebaseStorageCombine-Community */,
			);
			productName = firstProyectinXcode;
			productReference = 842EF1A72CE0563400F84EDE /* firstProyectinXcode.app */;
			productType = "com.apple.product-type.application";
		};
		842EF1B62CE0563D00F84EDE /* firstProyectinXcodeTests */ = {
			isa = PBXNativeTarget;
			buildConfigurationList = 842EF1CE2CE0563D00F84EDE /* Build configuration list for PBXNativeTarget "firstProyectinXcodeTests" */;
			buildPhases = (
				842EF1B32CE0563D00F84EDE /* Sources */,
				842EF1B42CE0563D00F84EDE /* Frameworks */,
				842EF1B52CE0563D00F84EDE /* Resources */,
			);
			buildRules = (
			);
			dependencies = (
				842EF1B92CE0563D00F84EDE /* PBXTargetDependency */,
			);
			name = firstProyectinXcodeTests;
			productName = firstProyectinXcodeTests;
			productReference = 842EF1B72CE0563D00F84EDE /* firstProyectinXcodeTests.xctest */;
			productType = "com.apple.product-type.bundle.unit-test";
		};
		842EF1C02CE0563D00F84EDE /* firstProyectinXcodeUITests */ = {
			isa = PBXNativeTarget;
			buildConfigurationList = 842EF1D12CE0563D00F84EDE /* Build configuration list for PBXNativeTarget "firstProyectinXcodeUITests" */;
			buildPhases = (
				842EF1BD2CE0563D00F84EDE /* Sources */,
				842EF1BE2CE0563D00F84EDE /* Frameworks */,
				842EF1BF2CE0563D00F84EDE /* Resources */,
			);
			buildRules = (
			);
			dependencies = (
				842EF1C32CE0563D00F84EDE /* PBXTargetDependency */,
			);
			name = firstProyectinXcodeUITests;
			productName = firstProyectinXcodeUITests;
			productReference = 842EF1C12CE0563D00F84EDE /* firstProyectinXcodeUITests.xctest */;
			productType = "com.apple.product-type.bundle.ui-testing";
		};
/* End PBXNativeTarget section */

/* Begin PBXProject section */
		842EF19F2CE0563400F84EDE /* Project object */ = {
			isa = PBXProject;
			attributes = {
				BuildIndependentTargetsInParallel = 1;
				LastSwiftUpdateCheck = 1420;
				LastUpgradeCheck = 1420;
				TargetAttributes = {
					842EF1A62CE0563400F84EDE = {
						CreatedOnToolsVersion = 14.2;
					};
					842EF1B62CE0563D00F84EDE = {
						CreatedOnToolsVersion = 14.2;
						TestTargetID = 842EF1A62CE0563400F84EDE;
					};
					842EF1C02CE0563D00F84EDE = {
						CreatedOnToolsVersion = 14.2;
						TestTargetID = 842EF1A62CE0563400F84EDE;
					};
				};
			};
			buildConfigurationList = 842EF1A22CE0563400F84EDE /* Build configuration list for PBXProject "firstProyectinXcode" */;
			compatibilityVersion = "Xcode 14.0";
			developmentRegion = en;
			hasScannedForEncodings = 0;
			knownRegions = (
				en,
				Base,
			);
			mainGroup = 842EF19E2CE0563400F84EDE;
			packageReferences = (
				84E4572B2CE06BDA0080E7CF /* XCRemoteSwiftPackageReference "firebase-ios-sdk" */,
			);
			productRefGroup = 842EF1A82CE0563400F84EDE /* Products */;
			projectDirPath = "";
			projectRoot = "";
			targets = (
				842EF1A62CE0563400F84EDE /* firstProyectinXcode */,
				842EF1B62CE0563D00F84EDE /* firstProyectinXcodeTests */,
				842EF1C02CE0563D00F84EDE /* firstProyectinXcodeUITests */,
			);
		};
/* End PBXProject section */

/* Begin PBXResourcesBuildPhase section */
		842EF1A52CE0563400F84EDE /* Resources */ = {
			isa = PBXResourcesBuildPhase;
			buildActionMask = 2147483647;
			files = (
				842EF1B22CE0563C00F84EDE /* Preview Assets.xcassets in Resources */,
				842EF1AF2CE0563C00F84EDE /* Assets.xcassets in Resources */,
				84E457632CE06D1D0080E7CF /* GoogleService-Info.plist in Resources */,
			);
			runOnlyForDeploymentPostprocessing = 0;
		};
		842EF1B52CE0563D00F84EDE /* Resources */ = {
			isa = PBXResourcesBuildPhase;
			buildActionMask = 2147483647;
			files = (
			);
			runOnlyForDeploymentPostprocessing = 0;
		};
		842EF1BF2CE0563D00F84EDE /* Resources */ = {
			isa = PBXResourcesBuildPhase;
			buildActionMask = 2147483647;
			files = (
			);
			runOnlyForDeploymentPostprocessing = 0;
		};
/* End PBXResourcesBuildPhase section */

/* Begin PBXSourcesBuildPhase section */
		842EF1A32CE0563400F84EDE /* Sources */ = {
			isa = PBXSourcesBuildPhase;
			buildActionMask = 2147483647;
			files = (
				84E4577E2CE072A30080E7CF /* CustomButton.swift in Sources */,
				843E82C22CE2C12200E6BF53 /* OpcionesGrupoView.swift in Sources */,
				84E3E4ED2CE14EAB0029CBFD /* GroupView.swift in Sources */,
				84E457822CE075810080E7CF /* RegisterPage.swift in Sources */,
				84E457762CE071D50080E7CF /* ProfilePage.swift in Sources */,
				84E3E4EF2CE14EDA0029CBFD /* ImagePickerView.swift in Sources */,
				84E3E4E92CE14D1D0029CBFD /* UserBar.swift in Sources */,
				846DF4182CE2D044001C927E /* UnirseAGrupoPrivadoView.swift in Sources */,
				84E4576E2CE0711B0080E7CF /* AuthStackView.swift in Sources */,
				84E457702CE0713A0080E7CF /* HomePage.swift in Sources */,
				842EF1AD2CE0563400F84EDE /* ContentView.swift in Sources */,
				846DF4162CE2D02E001C927E /* CrearGrupoPrivadoView.swift in Sources */,
				842F27FD2CE4263A001F49B3 /* DaysCalendarBar.swift in Sources */,
				84E4576A2CE070A10080E7CF /* AuthState.swift in Sources */,
				84E457802CE074DC0080E7CF /* LoginPage.swift in Sources */,
				84E457782CE072170080E7CF /* ProfilePhotoPage.swift in Sources */,
				84E457722CE071620080E7CF /* FeedPage.swift in Sources */,
				846DF41D2CE2D82F001C927E /* UserContext.swift in Sources */,
				84E3E5032CE171B50029CBFD /* GroupsPage.swift in Sources */,
				84E3E4EB2CE14D430029CBFD /* ProgressDaysBar.swift in Sources */,
				84E457742CE0719B0080E7CF /* EstadisticsPage.swift in Sources */,
				84E4577C2CE072710080E7CF /* CustomTextField.swift in Sources */,
				842EF1AB2CE0563400F84EDE /* firstProyectinXcodeApp.swift in Sources */,
				84E4576C2CE070EF0080E7CF /* MainTabView.swift in Sources */,
				843E82C02CE2C04900E6BF53 /* GroupDetailsView.swift in Sources */,
			);
			runOnlyForDeploymentPostprocessing = 0;
		};
		842EF1B32CE0563D00F84EDE /* Sources */ = {
			isa = PBXSourcesBuildPhase;
			buildActionMask = 2147483647;
			files = (
				842EF1BC2CE0563D00F84EDE /* firstProyectinXcodeTests.swift in Sources */,
			);
			runOnlyForDeploymentPostprocessing = 0;
		};
		842EF1BD2CE0563D00F84EDE /* Sources */ = {
			isa = PBXSourcesBuildPhase;
			buildActionMask = 2147483647;
			files = (
				842EF1C62CE0563D00F84EDE /* firstProyectinXcodeUITests.swift in Sources */,
				842EF1C82CE0563D00F84EDE /* firstProyectinXcodeUITestsLaunchTests.swift in Sources */,
			);
			runOnlyForDeploymentPostprocessing = 0;
		};
/* End PBXSourcesBuildPhase section */

/* Begin PBXTargetDependency section */
		842EF1B92CE0563D00F84EDE /* PBXTargetDependency */ = {
			isa = PBXTargetDependency;
			target = 842EF1A62CE0563400F84EDE /* firstProyectinXcode */;
			targetProxy = 842EF1B82CE0563D00F84EDE /* PBXContainerItemProxy */;
		};
		842EF1C32CE0563D00F84EDE /* PBXTargetDependency */ = {
			isa = PBXTargetDependency;
			target = 842EF1A62CE0563400F84EDE /* firstProyectinXcode */;
			targetProxy = 842EF1C22CE0563D00F84EDE /* PBXContainerItemProxy */;
		};
/* End PBXTargetDependency section */

/* Begin XCBuildConfiguration section */
		842EF1C92CE0563D00F84EDE /* Debug */ = {
			isa = XCBuildConfiguration;
			buildSettings = {
				ALWAYS_SEARCH_USER_PATHS = NO;
				CLANG_ANALYZER_NONNULL = YES;
				CLANG_ANALYZER_NUMBER_OBJECT_CONVERSION = YES_AGGRESSIVE;
				CLANG_CXX_LANGUAGE_STANDARD = "gnu++20";
				CLANG_ENABLE_MODULES = YES;
				CLANG_ENABLE_OBJC_ARC = YES;
				CLANG_ENABLE_OBJC_WEAK = YES;
				CLANG_WARN_BLOCK_CAPTURE_AUTORELEASING = YES;
				CLANG_WARN_BOOL_CONVERSION = YES;
				CLANG_WARN_COMMA = YES;
				CLANG_WARN_CONSTANT_CONVERSION = YES;
				CLANG_WARN_DEPRECATED_OBJC_IMPLEMENTATIONS = YES;
				CLANG_WARN_DIRECT_OBJC_ISA_USAGE = YES_ERROR;
				CLANG_WARN_DOCUMENTATION_COMMENTS = YES;
				CLANG_WARN_EMPTY_BODY = YES;
				CLANG_WARN_ENUM_CONVERSION = YES;
				CLANG_WARN_INFINITE_RECURSION = YES;
				CLANG_WARN_INT_CONVERSION = YES;
				CLANG_WARN_NON_LITERAL_NULL_CONVERSION = YES;
				CLANG_WARN_OBJC_IMPLICIT_RETAIN_SELF = YES;
				CLANG_WARN_OBJC_LITERAL_CONVERSION = YES;
				CLANG_WARN_OBJC_ROOT_CLASS = YES_ERROR;
				CLANG_WARN_QUOTED_INCLUDE_IN_FRAMEWORK_HEADER = YES;
				CLANG_WARN_RANGE_LOOP_ANALYSIS = YES;
				CLANG_WARN_STRICT_PROTOTYPES = YES;
				CLANG_WARN_SUSPICIOUS_MOVE = YES;
				CLANG_WARN_UNGUARDED_AVAILABILITY = YES_AGGRESSIVE;
				CLANG_WARN_UNREACHABLE_CODE = YES;
				CLANG_WARN__DUPLICATE_METHOD_MATCH = YES;
				COPY_PHASE_STRIP = NO;
				DEBUG_INFORMATION_FORMAT = dwarf;
				ENABLE_STRICT_OBJC_MSGSEND = YES;
				ENABLE_TESTABILITY = YES;
				GCC_C_LANGUAGE_STANDARD = gnu11;
				GCC_DYNAMIC_NO_PIC = NO;
				GCC_NO_COMMON_BLOCKS = YES;
				GCC_OPTIMIZATION_LEVEL = 0;
				GCC_PREPROCESSOR_DEFINITIONS = (
					"DEBUG=1",
					"$(inherited)",
				);
				GCC_WARN_64_TO_32_BIT_CONVERSION = YES;
				GCC_WARN_ABOUT_RETURN_TYPE = YES_ERROR;
				GCC_WARN_UNDECLARED_SELECTOR = YES;
				GCC_WARN_UNINITIALIZED_AUTOS = YES_AGGRESSIVE;
				GCC_WARN_UNUSED_FUNCTION = YES;
				GCC_WARN_UNUSED_VARIABLE = YES;
				IPHONEOS_DEPLOYMENT_TARGET = 16.2;
				MTL_ENABLE_DEBUG_INFO = INCLUDE_SOURCE;
				MTL_FAST_MATH = YES;
				ONLY_ACTIVE_ARCH = YES;
				SDKROOT = iphoneos;
				SWIFT_ACTIVE_COMPILATION_CONDITIONS = DEBUG;
				SWIFT_OPTIMIZATION_LEVEL = "-Onone";
			};
			name = Debug;
		};
		842EF1CA2CE0563D00F84EDE /* Release */ = {
			isa = XCBuildConfiguration;
			buildSettings = {
				ALWAYS_SEARCH_USER_PATHS = NO;
				CLANG_ANALYZER_NONNULL = YES;
				CLANG_ANALYZER_NUMBER_OBJECT_CONVERSION = YES_AGGRESSIVE;
				CLANG_CXX_LANGUAGE_STANDARD = "gnu++20";
				CLANG_ENABLE_MODULES = YES;
				CLANG_ENABLE_OBJC_ARC = YES;
				CLANG_ENABLE_OBJC_WEAK = YES;
				CLANG_WARN_BLOCK_CAPTURE_AUTORELEASING = YES;
				CLANG_WARN_BOOL_CONVERSION = YES;
				CLANG_WARN_COMMA = YES;
				CLANG_WARN_CONSTANT_CONVERSION = YES;
				CLANG_WARN_DEPRECATED_OBJC_IMPLEMENTATIONS = YES;
				CLANG_WARN_DIRECT_OBJC_ISA_USAGE = YES_ERROR;
				CLANG_WARN_DOCUMENTATION_COMMENTS = YES;
				CLANG_WARN_EMPTY_BODY = YES;
				CLANG_WARN_ENUM_CONVERSION = YES;
				CLANG_WARN_INFINITE_RECURSION = YES;
				CLANG_WARN_INT_CONVERSION = YES;
				CLANG_WARN_NON_LITERAL_NULL_CONVERSION = YES;
				CLANG_WARN_OBJC_IMPLICIT_RETAIN_SELF = YES;
				CLANG_WARN_OBJC_LITERAL_CONVERSION = YES;
				CLANG_WARN_OBJC_ROOT_CLASS = YES_ERROR;
				CLANG_WARN_QUOTED_INCLUDE_IN_FRAMEWORK_HEADER = YES;
				CLANG_WARN_RANGE_LOOP_ANALYSIS = YES;
				CLANG_WARN_STRICT_PROTOTYPES = YES;
				CLANG_WARN_SUSPICIOUS_MOVE = YES;
				CLANG_WARN_UNGUARDED_AVAILABILITY = YES_AGGRESSIVE;
				CLANG_WARN_UNREACHABLE_CODE = YES;
				CLANG_WARN__DUPLICATE_METHOD_MATCH = YES;
				COPY_PHASE_STRIP = NO;
				DEBUG_INFORMATION_FORMAT = "dwarf-with-dsym";
				ENABLE_NS_ASSERTIONS = NO;
				ENABLE_STRICT_OBJC_MSGSEND = YES;
				GCC_C_LANGUAGE_STANDARD = gnu11;
				GCC_NO_COMMON_BLOCKS = YES;
				GCC_WARN_64_TO_32_BIT_CONVERSION = YES;
				GCC_WARN_ABOUT_RETURN_TYPE = YES_ERROR;
				GCC_WARN_UNDECLARED_SELECTOR = YES;
				GCC_WARN_UNINITIALIZED_AUTOS = YES_AGGRESSIVE;
				GCC_WARN_UNUSED_FUNCTION = YES;
				GCC_WARN_UNUSED_VARIABLE = YES;
				IPHONEOS_DEPLOYMENT_TARGET = 16.2;
				MTL_ENABLE_DEBUG_INFO = NO;
				MTL_FAST_MATH = YES;
				SDKROOT = iphoneos;
				SWIFT_COMPILATION_MODE = wholemodule;
				SWIFT_OPTIMIZATION_LEVEL = "-O";
				VALIDATE_PRODUCT = YES;
			};
			name = Release;
		};
		842EF1CC2CE0563D00F84EDE /* Debug */ = {
			isa = XCBuildConfiguration;
			buildSettings = {
				ASSETCATALOG_COMPILER_APPICON_NAME = AppIcon;
				ASSETCATALOG_COMPILER_GLOBAL_ACCENT_COLOR_NAME = AccentColor;
				CODE_SIGN_STYLE = Automatic;
				CURRENT_PROJECT_VERSION = 1;
				DEVELOPMENT_ASSET_PATHS = "\"firstProyectinXcode/Preview Content\"";
				ENABLE_PREVIEWS = YES;
				GENERATE_INFOPLIST_FILE = YES;
				INFOPLIST_KEY_UIApplicationSceneManifest_Generation = YES;
				INFOPLIST_KEY_UIApplicationSupportsIndirectInputEvents = YES;
				INFOPLIST_KEY_UILaunchScreen_Generation = YES;
				INFOPLIST_KEY_UISupportedInterfaceOrientations_iPad = "UIInterfaceOrientationPortrait UIInterfaceOrientationPortraitUpsideDown UIInterfaceOrientationLandscapeLeft UIInterfaceOrientationLandscapeRight";
				INFOPLIST_KEY_UISupportedInterfaceOrientations_iPhone = "UIInterfaceOrientationPortrait UIInterfaceOrientationLandscapeLeft UIInterfaceOrientationLandscapeRight";
				LD_RUNPATH_SEARCH_PATHS = (
					"$(inherited)",
					"@executable_path/Frameworks",
				);
				MARKETING_VERSION = 1.0;
				PRODUCT_BUNDLE_IDENTIFIER = landryTech.firstProyectinXcode;
				PRODUCT_NAME = "$(TARGET_NAME)";
				SWIFT_EMIT_LOC_STRINGS = YES;
				SWIFT_VERSION = 5.0;
				TARGETED_DEVICE_FAMILY = "1,2";
			};
			name = Debug;
		};
		842EF1CD2CE0563D00F84EDE /* Release */ = {
			isa = XCBuildConfiguration;
			buildSettings = {
				ASSETCATALOG_COMPILER_APPICON_NAME = AppIcon;
				ASSETCATALOG_COMPILER_GLOBAL_ACCENT_COLOR_NAME = AccentColor;
				CODE_SIGN_STYLE = Automatic;
				CURRENT_PROJECT_VERSION = 1;
				DEVELOPMENT_ASSET_PATHS = "\"firstProyectinXcode/Preview Content\"";
				ENABLE_PREVIEWS = YES;
				GENERATE_INFOPLIST_FILE = YES;
				INFOPLIST_KEY_UIApplicationSceneManifest_Generation = YES;
				INFOPLIST_KEY_UIApplicationSupportsIndirectInputEvents = YES;
				INFOPLIST_KEY_UILaunchScreen_Generation = YES;
				INFOPLIST_KEY_UISupportedInterfaceOrientations_iPad = "UIInterfaceOrientationPortrait UIInterfaceOrientationPortraitUpsideDown UIInterfaceOrientationLandscapeLeft UIInterfaceOrientationLandscapeRight";
				INFOPLIST_KEY_UISupportedInterfaceOrientations_iPhone = "UIInterfaceOrientationPortrait UIInterfaceOrientationLandscapeLeft UIInterfaceOrientationLandscapeRight";
				LD_RUNPATH_SEARCH_PATHS = (
					"$(inherited)",
					"@executable_path/Frameworks",
				);
				MARKETING_VERSION = 1.0;
				PRODUCT_BUNDLE_IDENTIFIER = landryTech.firstProyectinXcode;
				PRODUCT_NAME = "$(TARGET_NAME)";
				SWIFT_EMIT_LOC_STRINGS = YES;
				SWIFT_VERSION = 5.0;
				TARGETED_DEVICE_FAMILY = "1,2";
			};
			name = Release;
		};
		842EF1CF2CE0563D00F84EDE /* Debug */ = {
			isa = XCBuildConfiguration;
			buildSettings = {
				ALWAYS_EMBED_SWIFT_STANDARD_LIBRARIES = YES;
				BUNDLE_LOADER = "$(TEST_HOST)";
				CODE_SIGN_STYLE = Automatic;
				CURRENT_PROJECT_VERSION = 1;
				GENERATE_INFOPLIST_FILE = YES;
				IPHONEOS_DEPLOYMENT_TARGET = 16.2;
				MARKETING_VERSION = 1.0;
				PRODUCT_BUNDLE_IDENTIFIER = landryTech.firstProyectinXcodeTests;
				PRODUCT_NAME = "$(TARGET_NAME)";
				SWIFT_EMIT_LOC_STRINGS = NO;
				SWIFT_VERSION = 5.0;
				TARGETED_DEVICE_FAMILY = "1,2";
				TEST_HOST = "$(BUILT_PRODUCTS_DIR)/firstProyectinXcode.app/$(BUNDLE_EXECUTABLE_FOLDER_PATH)/firstProyectinXcode";
			};
			name = Debug;
		};
		842EF1D02CE0563D00F84EDE /* Release */ = {
			isa = XCBuildConfiguration;
			buildSettings = {
				ALWAYS_EMBED_SWIFT_STANDARD_LIBRARIES = YES;
				BUNDLE_LOADER = "$(TEST_HOST)";
				CODE_SIGN_STYLE = Automatic;
				CURRENT_PROJECT_VERSION = 1;
				GENERATE_INFOPLIST_FILE = YES;
				IPHONEOS_DEPLOYMENT_TARGET = 16.2;
				MARKETING_VERSION = 1.0;
				PRODUCT_BUNDLE_IDENTIFIER = landryTech.firstProyectinXcodeTests;
				PRODUCT_NAME = "$(TARGET_NAME)";
				SWIFT_EMIT_LOC_STRINGS = NO;
				SWIFT_VERSION = 5.0;
				TARGETED_DEVICE_FAMILY = "1,2";
				TEST_HOST = "$(BUILT_PRODUCTS_DIR)/firstProyectinXcode.app/$(BUNDLE_EXECUTABLE_FOLDER_PATH)/firstProyectinXcode";
			};
			name = Release;
		};
		842EF1D22CE0563D00F84EDE /* Debug */ = {
			isa = XCBuildConfiguration;
			buildSettings = {
				ALWAYS_EMBED_SWIFT_STANDARD_LIBRARIES = YES;
				CODE_SIGN_STYLE = Automatic;
				CURRENT_PROJECT_VERSION = 1;
				GENERATE_INFOPLIST_FILE = YES;
				MARKETING_VERSION = 1.0;
				PRODUCT_BUNDLE_IDENTIFIER = landryTech.firstProyectinXcodeUITests;
				PRODUCT_NAME = "$(TARGET_NAME)";
				SWIFT_EMIT_LOC_STRINGS = NO;
				SWIFT_VERSION = 5.0;
				TARGETED_DEVICE_FAMILY = "1,2";
				TEST_TARGET_NAME = firstProyectinXcode;
			};
			name = Debug;
		};
		842EF1D32CE0563D00F84EDE /* Release */ = {
			isa = XCBuildConfiguration;
			buildSettings = {
				ALWAYS_EMBED_SWIFT_STANDARD_LIBRARIES = YES;
				CODE_SIGN_STYLE = Automatic;
				CURRENT_PROJECT_VERSION = 1;
				GENERATE_INFOPLIST_FILE = YES;
				MARKETING_VERSION = 1.0;
				PRODUCT_BUNDLE_IDENTIFIER = landryTech.firstProyectinXcodeUITests;
				PRODUCT_NAME = "$(TARGET_NAME)";
				SWIFT_EMIT_LOC_STRINGS = NO;
				SWIFT_VERSION = 5.0;
				TARGETED_DEVICE_FAMILY = "1,2";
				TEST_TARGET_NAME = firstProyectinXcode;
			};
			name = Release;
		};
/* End XCBuildConfiguration section */

/* Begin XCConfigurationList section */
		842EF1A22CE0563400F84EDE /* Build configuration list for PBXProject "firstProyectinXcode" */ = {
			isa = XCConfigurationList;
			buildConfigurations = (
				842EF1C92CE0563D00F84EDE /* Debug */,
				842EF1CA2CE0563D00F84EDE /* Release */,
			);
			defaultConfigurationIsVisible = 0;
			defaultConfigurationName = Release;
		};
		842EF1CB2CE0563D00F84EDE /* Build configuration list for PBXNativeTarget "firstProyectinXcode" */ = {
			isa = XCConfigurationList;
			buildConfigurations = (
				842EF1CC2CE0563D00F84EDE /* Debug */,
				842EF1CD2CE0563D00F84EDE /* Release */,
			);
			defaultConfigurationIsVisible = 0;
			defaultConfigurationName = Release;
		};
		842EF1CE2CE0563D00F84EDE /* Build configuration list for PBXNativeTarget "firstProyectinXcodeTests" */ = {
			isa = XCConfigurationList;
			buildConfigurations = (
				842EF1CF2CE0563D00F84EDE /* Debug */,
				842EF1D02CE0563D00F84EDE /* Release */,
			);
			defaultConfigurationIsVisible = 0;
			defaultConfigurationName = Release;
		};
		842EF1D12CE0563D00F84EDE /* Build configuration list for PBXNativeTarget "firstProyectinXcodeUITests" */ = {
			isa = XCConfigurationList;
			buildConfigurations = (
				842EF1D22CE0563D00F84EDE /* Debug */,
				842EF1D32CE0563D00F84EDE /* Release */,
			);
			defaultConfigurationIsVisible = 0;
			defaultConfigurationName = Release;
		};
/* End XCConfigurationList section */

/* Begin XCRemoteSwiftPackageReference section */
		84E4572B2CE06BDA0080E7CF /* XCRemoteSwiftPackageReference "firebase-ios-sdk" */ = {
			isa = XCRemoteSwiftPackageReference;
			repositoryURL = "https://github.com/firebase/firebase-ios-sdk";
			requirement = {
				kind = upToNextMajorVersion;
				minimumVersion = 9.0.0;
			};
		};
/* End XCRemoteSwiftPackageReference section */

/* Begin XCSwiftPackageProductDependency section */
		84E4572C2CE06BDA0080E7CF /* FirebaseAnalytics */ = {
			isa = XCSwiftPackageProductDependency;
			package = 84E4572B2CE06BDA0080E7CF /* XCRemoteSwiftPackageReference "firebase-ios-sdk" */;
			productName = FirebaseAnalytics;
		};
		84E4572E2CE06BDA0080E7CF /* FirebaseAnalyticsOnDeviceConversion */ = {
			isa = XCSwiftPackageProductDependency;
			package = 84E4572B2CE06BDA0080E7CF /* XCRemoteSwiftPackageReference "firebase-ios-sdk" */;
			productName = FirebaseAnalyticsOnDeviceConversion;
		};
		84E457302CE06BDA0080E7CF /* FirebaseAnalyticsSwift */ = {
			isa = XCSwiftPackageProductDependency;
			package = 84E4572B2CE06BDA0080E7CF /* XCRemoteSwiftPackageReference "firebase-ios-sdk" */;
			productName = FirebaseAnalyticsSwift;
		};
		84E457322CE06BDA0080E7CF /* FirebaseAnalyticsWithoutAdIdSupport */ = {
			isa = XCSwiftPackageProductDependency;
			package = 84E4572B2CE06BDA0080E7CF /* XCRemoteSwiftPackageReference "firebase-ios-sdk" */;
			productName = FirebaseAnalyticsWithoutAdIdSupport;
		};
		84E457342CE06BDA0080E7CF /* FirebaseAppCheck */ = {
			isa = XCSwiftPackageProductDependency;
			package = 84E4572B2CE06BDA0080E7CF /* XCRemoteSwiftPackageReference "firebase-ios-sdk" */;
			productName = FirebaseAppCheck;
		};
		84E457362CE06BDA0080E7CF /* FirebaseAppDistribution-Beta */ = {
			isa = XCSwiftPackageProductDependency;
			package = 84E4572B2CE06BDA0080E7CF /* XCRemoteSwiftPackageReference "firebase-ios-sdk" */;
			productName = "FirebaseAppDistribution-Beta";
		};
		84E457382CE06BDA0080E7CF /* FirebaseAuth */ = {
			isa = XCSwiftPackageProductDependency;
			package = 84E4572B2CE06BDA0080E7CF /* XCRemoteSwiftPackageReference "firebase-ios-sdk" */;
			productName = FirebaseAuth;
		};
		84E4573A2CE06BDA0080E7CF /* FirebaseAuthCombine-Community */ = {
			isa = XCSwiftPackageProductDependency;
			package = 84E4572B2CE06BDA0080E7CF /* XCRemoteSwiftPackageReference "firebase-ios-sdk" */;
			productName = "FirebaseAuthCombine-Community";
		};
		84E4573C2CE06BDA0080E7CF /* FirebaseCrashlytics */ = {
			isa = XCSwiftPackageProductDependency;
			package = 84E4572B2CE06BDA0080E7CF /* XCRemoteSwiftPackageReference "firebase-ios-sdk" */;
			productName = FirebaseCrashlytics;
		};
		84E4573E2CE06BDA0080E7CF /* FirebaseDatabase */ = {
			isa = XCSwiftPackageProductDependency;
			package = 84E4572B2CE06BDA0080E7CF /* XCRemoteSwiftPackageReference "firebase-ios-sdk" */;
			productName = FirebaseDatabase;
		};
		84E457402CE06BDB0080E7CF /* FirebaseDatabaseSwift */ = {
			isa = XCSwiftPackageProductDependency;
			package = 84E4572B2CE06BDA0080E7CF /* XCRemoteSwiftPackageReference "firebase-ios-sdk" */;
			productName = FirebaseDatabaseSwift;
		};
		84E457422CE06BDB0080E7CF /* FirebaseDynamicLinks */ = {
			isa = XCSwiftPackageProductDependency;
			package = 84E4572B2CE06BDA0080E7CF /* XCRemoteSwiftPackageReference "firebase-ios-sdk" */;
			productName = FirebaseDynamicLinks;
		};
		84E457442CE06BDB0080E7CF /* FirebaseFirestore */ = {
			isa = XCSwiftPackageProductDependency;
			package = 84E4572B2CE06BDA0080E7CF /* XCRemoteSwiftPackageReference "firebase-ios-sdk" */;
			productName = FirebaseFirestore;
		};
		84E457462CE06BDB0080E7CF /* FirebaseFirestoreCombine-Community */ = {
			isa = XCSwiftPackageProductDependency;
			package = 84E4572B2CE06BDA0080E7CF /* XCRemoteSwiftPackageReference "firebase-ios-sdk" */;
			productName = "FirebaseFirestoreCombine-Community";
		};
		84E457482CE06BDB0080E7CF /* FirebaseFirestoreSwift */ = {
			isa = XCSwiftPackageProductDependency;
			package = 84E4572B2CE06BDA0080E7CF /* XCRemoteSwiftPackageReference "firebase-ios-sdk" */;
			productName = FirebaseFirestoreSwift;
		};
		84E4574A2CE06BDB0080E7CF /* FirebaseFunctions */ = {
			isa = XCSwiftPackageProductDependency;
			package = 84E4572B2CE06BDA0080E7CF /* XCRemoteSwiftPackageReference "firebase-ios-sdk" */;
			productName = FirebaseFunctions;
		};
		84E4574C2CE06BDB0080E7CF /* FirebaseFunctionsCombine-Community */ = {
			isa = XCSwiftPackageProductDependency;
			package = 84E4572B2CE06BDA0080E7CF /* XCRemoteSwiftPackageReference "firebase-ios-sdk" */;
			productName = "FirebaseFunctionsCombine-Community";
		};
		84E4574E2CE06BDB0080E7CF /* FirebaseInAppMessaging-Beta */ = {
			isa = XCSwiftPackageProductDependency;
			package = 84E4572B2CE06BDA0080E7CF /* XCRemoteSwiftPackageReference "firebase-ios-sdk" */;
			productName = "FirebaseInAppMessaging-Beta";
		};
		84E457502CE06BDB0080E7CF /* FirebaseInAppMessagingSwift-Beta */ = {
			isa = XCSwiftPackageProductDependency;
			package = 84E4572B2CE06BDA0080E7CF /* XCRemoteSwiftPackageReference "firebase-ios-sdk" */;
			productName = "FirebaseInAppMessagingSwift-Beta";
		};
		84E457522CE06BDB0080E7CF /* FirebaseInstallations */ = {
			isa = XCSwiftPackageProductDependency;
			package = 84E4572B2CE06BDA0080E7CF /* XCRemoteSwiftPackageReference "firebase-ios-sdk" */;
			productName = FirebaseInstallations;
		};
		84E457542CE06BDB0080E7CF /* FirebaseMLModelDownloader */ = {
			isa = XCSwiftPackageProductDependency;
			package = 84E4572B2CE06BDA0080E7CF /* XCRemoteSwiftPackageReference "firebase-ios-sdk" */;
			productName = FirebaseMLModelDownloader;
		};
		84E457562CE06BDB0080E7CF /* FirebaseMessaging */ = {
			isa = XCSwiftPackageProductDependency;
			package = 84E4572B2CE06BDA0080E7CF /* XCRemoteSwiftPackageReference "firebase-ios-sdk" */;
			productName = FirebaseMessaging;
		};
		84E457582CE06BDB0080E7CF /* FirebasePerformance */ = {
			isa = XCSwiftPackageProductDependency;
			package = 84E4572B2CE06BDA0080E7CF /* XCRemoteSwiftPackageReference "firebase-ios-sdk" */;
			productName = FirebasePerformance;
		};
		84E4575A2CE06BDB0080E7CF /* FirebaseRemoteConfig */ = {
			isa = XCSwiftPackageProductDependency;
			package = 84E4572B2CE06BDA0080E7CF /* XCRemoteSwiftPackageReference "firebase-ios-sdk" */;
			productName = FirebaseRemoteConfig;
		};
		84E4575C2CE06BDB0080E7CF /* FirebaseRemoteConfigSwift */ = {
			isa = XCSwiftPackageProductDependency;
			package = 84E4572B2CE06BDA0080E7CF /* XCRemoteSwiftPackageReference "firebase-ios-sdk" */;
			productName = FirebaseRemoteConfigSwift;
		};
		84E4575E2CE06BDB0080E7CF /* FirebaseStorage */ = {
			isa = XCSwiftPackageProductDependency;
			package = 84E4572B2CE06BDA0080E7CF /* XCRemoteSwiftPackageReference "firebase-ios-sdk" */;
			productName = FirebaseStorage;
		};
		84E457602CE06BDB0080E7CF /* FirebaseStorageCombine-Community */ = {
			isa = XCSwiftPackageProductDependency;
			package = 84E4572B2CE06BDA0080E7CF /* XCRemoteSwiftPackageReference "firebase-ios-sdk" */;
			productName = "FirebaseStorageCombine-Community";
		};
/* End XCSwiftPackageProductDependency section */
	};
	rootObject = 842EF19F2CE0563400F84EDE /* Project object */;
}
